
Microsoft Visual Studio Solution File, Format Version 12.00
# Visual Studio Version 16
VisualStudioVersion = 16.0.30717.126
MinimumVisualStudioVersion = 10.0.40219.1
Project("{FAE04EC0-301F-11D3-BF4B-00C04F79EFBC}") = "GildedRoseRefactoringKata", "GildedRoseRefactoringKata\GildedRoseRefactoringKata.csproj", "{5084B43D-BB0F-41C3-B627-EA467D9373B1}"
EndProject
Global
	GlobalSection(SolutionConfigurationPlatforms) = preSolution
		Debug|Any CPU = Debug|Any CPU
		Release|Any CPU = Release|Any CPU
	EndGlobalSection
	GlobalSection(ProjectConfigurationPlatforms) = postSolution
		{5084B43D-BB0F-41C3-B627-EA467D9373B1}.Debug|Any CPU.ActiveCfg = Debug|Any CPU
		{5084B43D-BB0F-41C3-B627-EA467D9373B1}.Debug|Any CPU.Build.0 = Debug|Any CPU
		{5084B43D-BB0F-41C3-B627-EA467D9373B1}.Release|Any CPU.ActiveCfg = Release|Any CPU
		{5084B43D-BB0F-41C3-B627-EA467D9373B1}.Release|Any CPU.Build.0 = Release|Any CPU
	EndGlobalSection
	GlobalSection(SolutionProperties) = preSolution
		HideSolutionNode = FALSE
	EndGlobalSection
	GlobalSection(ExtensibilityGlobals) = postSolution
		SolutionGuid = {35DC52C6-4F89-4508-87B2-35ABD5C9F8A1}
	EndGlobalSection
EndGlobal
